
Microsoft Visual Studio Solution File, Format Version 12.00
# Visual Studio Version 17
VisualStudioVersion = 17.14.37216.2 d17.14
MinimumVisualStudioVersion = 10.0.40219.1
Project("{FAE04EC0-301F-11D3-BF4B-00C04F79EFBC}") = "WinFormsApp1", "WinFormsApp1\WinFormsApp1.csproj", "{01D7235D-0473-4541-98BF-300A3DBA685D}"
EndProject
Global
	GlobalSection(SolutionConfigurationPlatforms) = preSolution
		Debug|Any CPU = Debug|Any CPU
		Release|Any CPU = Release|Any CPU
	EndGlobalSection
	GlobalSection(ProjectConfigurationPlatforms) = postSolution
		{01D7235D-0473-4541-98BF-300A3DBA685D}.Debug|Any CPU.ActiveCfg = Debug|Any CPU
		{01D7235D-0473-4541-98BF-300A3DBA685D}.Debug|Any CPU.Build.0 = Debug|Any CPU
		{01D7235D-0473-4541-98BF-300A3DBA685D}.Release|Any CPU.ActiveCfg = Release|Any CPU
		{01D7235D-0473-4541-98BF-300A3DBA685D}.Release|Any CPU.Build.0 = Release|Any CPU
	EndGlobalSection
	GlobalSection(SolutionProperties) = preSolution
		HideSolutionNode = FALSE
	EndGlobalSection
	GlobalSection(ExtensibilityGlobals) = postSolution
		SolutionGuid = {E155290B-17F3-4651-9566-2C4FE2D3514C}
	EndGlobalSection
EndGlobal
